<?xml version="1.0" encoding="utf-8"?>
<Project ToolsVersion="4.0" xmlns="http://schemas.microsoft.com/developer/msbuild/2003">
  <ItemGroup>
    <ClCompile Include="DualRasterizer.cpp" />
    <ClCompile Include="pch.cpp" />
    <ClCompile Include="BaseMaterial.cpp">
      <Filter>Materials</Filter>
    </ClCompile>
    <ClCompile Include="ERenderer.cpp">
      <Filter>Renderer</Filter>
    </ClCompile>
    <ClCompile Include="ECamera.cpp" />
    <ClCompile Include="Mesh.cpp" />
    <ClCompile Include="Scene.cpp" />
    <ClCompile Include="Texture.cpp" />
    <ClCompile Include="ShadedMaterial.cpp">
      <Filter>Materials</Filter>
    </ClCompile>
    <ClCompile Include="ETimer.cpp">
      <Filter>Helpers</Filter>
    </ClCompile>
    <ClCompile Include="TransparentMaterial.cpp">
      <Filter>Materials</Filter>
    </ClCompile>
  </ItemGroup>
  <ItemGroup>
    <ClInclude Include="pch.h" />
    <ClInclude Include="BaseMaterial.h">
      <Filter>Materials</Filter>
    </ClInclude>
    <ClInclude Include="EMath.h">
      <Filter>Math</Filter>
    </ClInclude>
    <ClInclude Include="EMathUtilities.h">
      <Filter>Math</Filter>
    </ClInclude>
    <ClInclude Include="EMatrix.h">
      <Filter>Math</Filter>
    </ClInclude>
    <ClInclude Include="EMatrix2.h">
      <Filter>Math</Filter>
    </ClInclude>
    <ClInclude Include="EMatrix3.h">
      <Filter>Math</Filter>
    </ClInclude>
    <ClInclude Include="EMatrix4.h">
      <Filter>Math</Filter>
    </ClInclude>
    <ClInclude Include="EPoint.h">
      <Filter>Math</Filter>
    </ClInclude>
    <ClInclude Include="EPoint2.h">
      <Filter>Math</Filter>
    </ClInclude>
    <ClInclude Include="EPoint3.h">
      <Filter>Math</Filter>
    </ClInclude>
    <ClInclude Include="EPoint4.h">
      <Filter>Math</Filter>
    </ClInclude>
    <ClInclude Include="EVector.h">
      <Filter>Math</Filter>
    </ClInclude>
    <ClInclude Include="EVector2.h">
      <Filter>Math</Filter>
    </ClInclude>
    <ClInclude Include="EVector3.h">
      <Filter>Math</Filter>
    </ClInclude>
    <ClInclude Include="EVector4.h">
      <Filter>Math</Filter>
    </ClInclude>
    <ClInclude Include="ERenderer.h">
      <Filter>Renderer</Filter>
    </ClInclude>
    <ClInclude Include="ECamera.h" />
    <ClInclude Include="Mesh.h" />
    <ClInclude Include="Scene.h" />
    <ClInclude Include="Texture.h" />
    <ClInclude Include="ShadedMaterial.h">
      <Filter>Materials</Filter>
    </ClInclude>
    <ClInclude Include="ERGBColor.h">
      <Filter>Helpers</Filter>
    </ClInclude>
    <ClInclude Include="ETimer.h">
      <Filter>Helpers</Filter>
    </ClInclude>
    <ClInclude Include="TransparentMaterial.h">
      <Filter>Materials</Filter>
    </ClInclude>
  </ItemGroup>
  <ItemGroup>
    <Filter Include="Materials">
      <UniqueIdentifier>{c3128873-fdc3-4d0c-b63b-8461683c7e42}</UniqueIdentifier>
    </Filter>
    <Filter Include="Math">
      <UniqueIdentifier>{78b0c2ed-a7e0-464c-b800-388f7a35f23f}</UniqueIdentifier>
    </Filter>
    <Filter Include="Renderer">
      <UniqueIdentifier>{60781c77-64ec-4286-bd12-a5a13ff5c046}</UniqueIdentifier>
    </Filter>
    <Filter Include="Helpers">
      <UniqueIdentifier>{76fa490d-5629-42ec-917a-eb851ad7a730}</UniqueIdentifier>
    </Filter>
  </ItemGroup>
</Project>